
Microsoft Visual Studio Solution File, Format Version 12.00
# Visual Studio Version 16
VisualStudioVersion = 16.0.29318.209
MinimumVisualStudioVersion = 10.0.40219.1
Project("{9A19103F-16F7-4668-BE54-9A1E7A4F7556}") = "STO_Event_Calendar", "STO_Event_Calendar.csproj", "{B0FAA9B2-79FD-480B-8985-92C56D2F1A06}"
EndProject
Global
	GlobalSection(SolutionConfigurationPlatforms) = preSolution
		Debug|Any CPU = Debug|Any CPU
		Release|Any CPU = Release|Any CPU
	EndGlobalSection
	GlobalSection(ProjectConfigurationPlatforms) = postSolution
		{B0FAA9B2-79FD-480B-8985-92C56D2F1A06}.Debug|Any CPU.ActiveCfg = Debug|Any CPU
		{B0FAA9B2-79FD-480B-8985-92C56D2F1A06}.Debug|Any CPU.Build.0 = Debug|Any CPU
		{B0FAA9B2-79FD-480B-8985-92C56D2F1A06}.Release|Any CPU.ActiveCfg = Release|Any CPU
		{B0FAA9B2-79FD-480B-8985-92C56D2F1A06}.Release|Any CPU.Build.0 = Release|Any CPU
	EndGlobalSection
	GlobalSection(SolutionProperties) = preSolution
		HideSolutionNode = FALSE
	EndGlobalSection
	GlobalSection(ExtensibilityGlobals) = postSolution
		SolutionGuid = {93B60672-3CFD-4103-A87E-7301D94AB625}
	EndGlobalSection
EndGlobal
